// !$*UTF8*$!
{
	archiveVersion = 1;
	classes = {
	};
	objectVersion = 50;
	objects = {

/* Begin PBXBuildFile section */
		717942AD11527A2F5B6AECF7 /* Pods_News.framework in Frameworks */ = {isa = PBXBuildFile; fileRef = 95D8E114DFC3187D5C5FDE15 /* Pods_News.framework */; };
		CB2ADA1521C53A5E00F61593 /* AppDelegate.swift in Sources */ = {isa = PBXBuildFile; fileRef = CB2ADA1421C53A5E00F61593 /* AppDelegate.swift */; };
		CB2ADA1721C53A5E00F61593 /* ViewController.swift in Sources */ = {isa = PBXBuildFile; fileRef = CB2ADA1621C53A5E00F61593 /* ViewController.swift */; };
		CB2ADA1A21C53A5E00F61593 /* Main.storyboard in Resources */ = {isa = PBXBuildFile; fileRef = CB2ADA1821C53A5E00F61593 /* Main.storyboard */; };
		CB2ADA1D21C53A5E00F61593 /* News.xcdatamodeld in Sources */ = {isa = PBXBuildFile; fileRef = CB2ADA1B21C53A5E00F61593 /* News.xcdatamodeld */; };
		CB2ADA1F21C53A5F00F61593 /* Assets.xcassets in Resources */ = {isa = PBXBuildFile; fileRef = CB2ADA1E21C53A5F00F61593 /* Assets.xcassets */; };
		CB2ADA2221C53A5F00F61593 /* LaunchScreen.storyboard in Resources */ = {isa = PBXBuildFile; fileRef = CB2ADA2021C53A5F00F61593 /* LaunchScreen.storyboard */; };
		CB2ADA3B21C53EFE00F61593 /* Source.swift in Sources */ = {isa = PBXBuildFile; fileRef = CB2ADA3A21C53EFE00F61593 /* Source.swift */; };
		CB2ADA3D21C53F9200F61593 /* Article.swift in Sources */ = {isa = PBXBuildFile; fileRef = CB2ADA3C21C53F9200F61593 /* Article.swift */; };
		CB2ADA4121C5406B00F61593 /* SourceRequesterProtocol.swift in Sources */ = {isa = PBXBuildFile; fileRef = CB2ADA4021C5406B00F61593 /* SourceRequesterProtocol.swift */; };
		CB2ADA4621C5435B00F61593 /* GetSourceUseCaseProtocol.swift in Sources */ = {isa = PBXBuildFile; fileRef = CB2ADA4521C5435B00F61593 /* GetSourceUseCaseProtocol.swift */; };
		CB2ADA4821C5447700F61593 /* GetSourceUseCase.swift in Sources */ = {isa = PBXBuildFile; fileRef = CB2ADA4721C5447700F61593 /* GetSourceUseCase.swift */; };
		CB2ADA4A21C5464500F61593 /* GetArticlesUseCaseProtocol.swift in Sources */ = {isa = PBXBuildFile; fileRef = CB2ADA4921C5464500F61593 /* GetArticlesUseCaseProtocol.swift */; };
		CB2ADA4C21C546C300F61593 /* GetArticlesUseCase.swift in Sources */ = {isa = PBXBuildFile; fileRef = CB2ADA4B21C546C300F61593 /* GetArticlesUseCase.swift */; };
		CB2ADA4E21C5472500F61593 /* ArticleRequesterProtocol.swift in Sources */ = {isa = PBXBuildFile; fileRef = CB2ADA4D21C5472500F61593 /* ArticleRequesterProtocol.swift */; };
		CB2ADA5421C54E7F00F61593 /* GetSourceUseCaseTest.swift in Sources */ = {isa = PBXBuildFile; fileRef = CB2ADA5321C54E7F00F61593 /* GetSourceUseCaseTest.swift */; };
		CB2ADA5621C54EAD00F61593 /* SourceRequesterMock.swift in Sources */ = {isa = PBXBuildFile; fileRef = CB2ADA5521C54EAD00F61593 /* SourceRequesterMock.swift */; };
		CB2ADA5821C5539700F61593 /* ErrorNetwork.swift in Sources */ = {isa = PBXBuildFile; fileRef = CB2ADA5721C5539700F61593 /* ErrorNetwork.swift */; };
		CB2ADA5A21C5546300F61593 /* ArticleRequesterMock.swift in Sources */ = {isa = PBXBuildFile; fileRef = CB2ADA5921C5546300F61593 /* ArticleRequesterMock.swift */; };
		CB2ADA5E21C556CB00F61593 /* GetArticlesUseCaseTest.swift in Sources */ = {isa = PBXBuildFile; fileRef = CB2ADA5D21C556CB00F61593 /* GetArticlesUseCaseTest.swift */; };
		CB2ADA6021C5598700F61593 /* NewsApi.swift in Sources */ = {isa = PBXBuildFile; fileRef = CB2ADA5F21C5598700F61593 /* NewsApi.swift */; };
		CB2ADA6321C55B2500F61593 /* Configuration.swift in Sources */ = {isa = PBXBuildFile; fileRef = CB2ADA6221C55B2500F61593 /* Configuration.swift */; };
		CB2ADA6521C55C8F00F61593 /* Constants.swift in Sources */ = {isa = PBXBuildFile; fileRef = CB2ADA6421C55C8F00F61593 /* Constants.swift */; };
		CB2ADA6721C55CD000F61593 /* NetworkConfig.swift in Sources */ = {isa = PBXBuildFile; fileRef = CB2ADA6621C55CD000F61593 /* NetworkConfig.swift */; };
		CB2ADA6921C55D2500F61593 /* NetworkConstants.swift in Sources */ = {isa = PBXBuildFile; fileRef = CB2ADA6821C55D2500F61593 /* NetworkConstants.swift */; };
		DDED4A43618ABAD947E89703 /* Pods_NewsTests.framework in Frameworks */ = {isa = PBXBuildFile; fileRef = 09D051709304BAA9C8C47ADD /* Pods_NewsTests.framework */; };
/* End PBXBuildFile section */

/* Begin PBXContainerItemProxy section */
		CB2ADA2921C53A5F00F61593 /* PBXContainerItemProxy */ = {
			isa = PBXContainerItemProxy;
			containerPortal = CB2ADA0921C53A5E00F61593 /* Project object */;
			proxyType = 1;
			remoteGlobalIDString = CB2ADA1021C53A5E00F61593;
			remoteInfo = News;
		};
/* End PBXContainerItemProxy section */

/* Begin PBXFileReference section */
		09D051709304BAA9C8C47ADD /* Pods_NewsTests.framework */ = {isa = PBXFileReference; explicitFileType = wrapper.framework; includeInIndex = 0; path = Pods_NewsTests.framework; sourceTree = BUILT_PRODUCTS_DIR; };
		24FF199EC9F22795154644CA /* Pods-News.debug.xcconfig */ = {isa = PBXFileReference; includeInIndex = 1; lastKnownFileType = text.xcconfig; name = "Pods-News.debug.xcconfig"; path = "Pods/Target Support Files/Pods-News/Pods-News.debug.xcconfig"; sourceTree = "<group>"; };
		5DF3DCC2DE63DEA8CFC80411 /* Pods-NewsTests.debug.xcconfig */ = {isa = PBXFileReference; includeInIndex = 1; lastKnownFileType = text.xcconfig; name = "Pods-NewsTests.debug.xcconfig"; path = "Pods/Target Support Files/Pods-NewsTests/Pods-NewsTests.debug.xcconfig"; sourceTree = "<group>"; };
		8870A3425A5A4821ADF144DE /* Pods-News.release.xcconfig */ = {isa = PBXFileReference; includeInIndex = 1; lastKnownFileType = text.xcconfig; name = "Pods-News.release.xcconfig"; path = "Pods/Target Support Files/Pods-News/Pods-News.release.xcconfig"; sourceTree = "<group>"; };
		95D8E114DFC3187D5C5FDE15 /* Pods_News.framework */ = {isa = PBXFileReference; explicitFileType = wrapper.framework; includeInIndex = 0; path = Pods_News.framework; sourceTree = BUILT_PRODUCTS_DIR; };
		CB2ADA1121C53A5E00F61593 /* News.app */ = {isa = PBXFileReference; explicitFileType = wrapper.application; includeInIndex = 0; path = News.app; sourceTree = BUILT_PRODUCTS_DIR; };
		CB2ADA1421C53A5E00F61593 /* AppDelegate.swift */ = {isa = PBXFileReference; lastKnownFileType = sourcecode.swift; path = AppDelegate.swift; sourceTree = "<group>"; };
		CB2ADA1621C53A5E00F61593 /* ViewController.swift */ = {isa = PBXFileReference; lastKnownFileType = sourcecode.swift; path = ViewController.swift; sourceTree = "<group>"; };
		CB2ADA1921C53A5E00F61593 /* Base */ = {isa = PBXFileReference; lastKnownFileType = file.storyboard; name = Base; path = Base.lproj/Main.storyboard; sourceTree = "<group>"; };
		CB2ADA1C21C53A5E00F61593 /* News.xcdatamodel */ = {isa = PBXFileReference; lastKnownFileType = wrapper.xcdatamodel; path = News.xcdatamodel; sourceTree = "<group>"; };
		CB2ADA1E21C53A5F00F61593 /* Assets.xcassets */ = {isa = PBXFileReference; lastKnownFileType = folder.assetcatalog; path = Assets.xcassets; sourceTree = "<group>"; };
		CB2ADA2121C53A5F00F61593 /* Base */ = {isa = PBXFileReference; lastKnownFileType = file.storyboard; name = Base; path = Base.lproj/LaunchScreen.storyboard; sourceTree = "<group>"; };
		CB2ADA2321C53A5F00F61593 /* Info.plist */ = {isa = PBXFileReference; lastKnownFileType = text.plist.xml; path = Info.plist; sourceTree = "<group>"; };
		CB2ADA2821C53A5F00F61593 /* NewsTests.xctest */ = {isa = PBXFileReference; explicitFileType = wrapper.cfbundle; includeInIndex = 0; path = NewsTests.xctest; sourceTree = BUILT_PRODUCTS_DIR; };
		CB2ADA2E21C53A5F00F61593 /* Info.plist */ = {isa = PBXFileReference; lastKnownFileType = text.plist.xml; path = Info.plist; sourceTree = "<group>"; };
		CB2ADA3A21C53EFE00F61593 /* Source.swift */ = {isa = PBXFileReference; lastKnownFileType = sourcecode.swift; path = Source.swift; sourceTree = "<group>"; };
		CB2ADA3C21C53F9200F61593 /* Article.swift */ = {isa = PBXFileReference; lastKnownFileType = sourcecode.swift; path = Article.swift; sourceTree = "<group>"; };
		CB2ADA4021C5406B00F61593 /* SourceRequesterProtocol.swift */ = {isa = PBXFileReference; lastKnownFileType = sourcecode.swift; path = SourceRequesterProtocol.swift; sourceTree = "<group>"; };
		CB2ADA4521C5435B00F61593 /* GetSourceUseCaseProtocol.swift */ = {isa = PBXFileReference; lastKnownFileType = sourcecode.swift; path = GetSourceUseCaseProtocol.swift; sourceTree = "<group>"; };
		CB2ADA4721C5447700F61593 /* GetSourceUseCase.swift */ = {isa = PBXFileReference; lastKnownFileType = sourcecode.swift; path = GetSourceUseCase.swift; sourceTree = "<group>"; };
		CB2ADA4921C5464500F61593 /* GetArticlesUseCaseProtocol.swift */ = {isa = PBXFileReference; lastKnownFileType = sourcecode.swift; path = GetArticlesUseCaseProtocol.swift; sourceTree = "<group>"; };
		CB2ADA4B21C546C300F61593 /* GetArticlesUseCase.swift */ = {isa = PBXFileReference; lastKnownFileType = sourcecode.swift; path = GetArticlesUseCase.swift; sourceTree = "<group>"; };
		CB2ADA4D21C5472500F61593 /* ArticleRequesterProtocol.swift */ = {isa = PBXFileReference; lastKnownFileType = sourcecode.swift; path = ArticleRequesterProtocol.swift; sourceTree = "<group>"; };
		CB2ADA5321C54E7F00F61593 /* GetSourceUseCaseTest.swift */ = {isa = PBXFileReference; lastKnownFileType = sourcecode.swift; path = GetSourceUseCaseTest.swift; sourceTree = "<group>"; };
		CB2ADA5521C54EAD00F61593 /* SourceRequesterMock.swift */ = {isa = PBXFileReference; lastKnownFileType = sourcecode.swift; path = SourceRequesterMock.swift; sourceTree = "<group>"; };
		CB2ADA5721C5539700F61593 /* ErrorNetwork.swift */ = {isa = PBXFileReference; lastKnownFileType = sourcecode.swift; path = ErrorNetwork.swift; sourceTree = "<group>"; };
		CB2ADA5921C5546300F61593 /* ArticleRequesterMock.swift */ = {isa = PBXFileReference; lastKnownFileType = sourcecode.swift; path = ArticleRequesterMock.swift; sourceTree = "<group>"; };
		CB2ADA5D21C556CB00F61593 /* GetArticlesUseCaseTest.swift */ = {isa = PBXFileReference; lastKnownFileType = sourcecode.swift; path = GetArticlesUseCaseTest.swift; sourceTree = "<group>"; };
		CB2ADA5F21C5598700F61593 /* NewsApi.swift */ = {isa = PBXFileReference; lastKnownFileType = sourcecode.swift; path = NewsApi.swift; sourceTree = "<group>"; };
		CB2ADA6221C55B2500F61593 /* Configuration.swift */ = {isa = PBXFileReference; lastKnownFileType = sourcecode.swift; path = Configuration.swift; sourceTree = "<group>"; };
		CB2ADA6421C55C8F00F61593 /* Constants.swift */ = {isa = PBXFileReference; lastKnownFileType = sourcecode.swift; path = Constants.swift; sourceTree = "<group>"; };
		CB2ADA6621C55CD000F61593 /* NetworkConfig.swift */ = {isa = PBXFileReference; lastKnownFileType = sourcecode.swift; path = NetworkConfig.swift; sourceTree = "<group>"; };
		CB2ADA6821C55D2500F61593 /* NetworkConstants.swift */ = {isa = PBXFileReference; lastKnownFileType = sourcecode.swift; path = NetworkConstants.swift; sourceTree = "<group>"; };
		DD42011EFED140F27726A7D3 /* Pods-NewsTests.release.xcconfig */ = {isa = PBXFileReference; includeInIndex = 1; lastKnownFileType = text.xcconfig; name = "Pods-NewsTests.release.xcconfig"; path = "Pods/Target Support Files/Pods-NewsTests/Pods-NewsTests.release.xcconfig"; sourceTree = "<group>"; };
/* End PBXFileReference section */

/* Begin PBXFrameworksBuildPhase section */
		CB2ADA0E21C53A5E00F61593 /* Frameworks */ = {
			isa = PBXFrameworksBuildPhase;
			buildActionMask = 2147483647;
			files = (
				717942AD11527A2F5B6AECF7 /* Pods_News.framework in Frameworks */,
			);
			runOnlyForDeploymentPostprocessing = 0;
		};
		CB2ADA2521C53A5F00F61593 /* Frameworks */ = {
			isa = PBXFrameworksBuildPhase;
			buildActionMask = 2147483647;
			files = (
				DDED4A43618ABAD947E89703 /* Pods_NewsTests.framework in Frameworks */,
			);
			runOnlyForDeploymentPostprocessing = 0;
		};
/* End PBXFrameworksBuildPhase section */

/* Begin PBXGroup section */
		683F68119E763F69BFAA0BCF /* Frameworks */ = {
			isa = PBXGroup;
			children = (
				95D8E114DFC3187D5C5FDE15 /* Pods_News.framework */,
				09D051709304BAA9C8C47ADD /* Pods_NewsTests.framework */,
			);
			name = Frameworks;
			sourceTree = "<group>";
		};
		6DE2960ED67DDE1BC878E277 /* Pods */ = {
			isa = PBXGroup;
			children = (
				24FF199EC9F22795154644CA /* Pods-News.debug.xcconfig */,
				8870A3425A5A4821ADF144DE /* Pods-News.release.xcconfig */,
				5DF3DCC2DE63DEA8CFC80411 /* Pods-NewsTests.debug.xcconfig */,
				DD42011EFED140F27726A7D3 /* Pods-NewsTests.release.xcconfig */,
			);
			name = Pods;
			sourceTree = "<group>";
		};
		CB2ADA0821C53A5E00F61593 = {
			isa = PBXGroup;
			children = (
				CB2ADA1321C53A5E00F61593 /* News */,
				CB2ADA2B21C53A5F00F61593 /* NewsTests */,
				CB2ADA1221C53A5E00F61593 /* Products */,
				6DE2960ED67DDE1BC878E277 /* Pods */,
				683F68119E763F69BFAA0BCF /* Frameworks */,
			);
			sourceTree = "<group>";
		};
		CB2ADA1221C53A5E00F61593 /* Products */ = {
			isa = PBXGroup;
			children = (
				CB2ADA1121C53A5E00F61593 /* News.app */,
				CB2ADA2821C53A5F00F61593 /* NewsTests.xctest */,
			);
			name = Products;
			sourceTree = "<group>";
		};
		CB2ADA1321C53A5E00F61593 /* News */ = {
			isa = PBXGroup;
			children = (
				CB2ADA6121C55AF800F61593 /* Common */,
				CB2ADA3E21C5402E00F61593 /* Data */,
				CB2ADA3721C53DDB00F61593 /* Domain */,
				CB2ADA1421C53A5E00F61593 /* AppDelegate.swift */,
				CB2ADA1621C53A5E00F61593 /* ViewController.swift */,
				CB2ADA1821C53A5E00F61593 /* Main.storyboard */,
				CB2ADA1E21C53A5F00F61593 /* Assets.xcassets */,
				CB2ADA2021C53A5F00F61593 /* LaunchScreen.storyboard */,
				CB2ADA2321C53A5F00F61593 /* Info.plist */,
				CB2ADA1B21C53A5E00F61593 /* News.xcdatamodeld */,
			);
			path = News;
			sourceTree = "<group>";
		};
		CB2ADA2B21C53A5F00F61593 /* NewsTests */ = {
			isa = PBXGroup;
			children = (
				CB2ADA5C21C556A400F61593 /* Mocks */,
				CB2ADA5121C54E3300F61593 /* Domain */,
				CB2ADA2E21C53A5F00F61593 /* Info.plist */,
			);
			path = NewsTests;
			sourceTree = "<group>";
		};
		CB2ADA3721C53DDB00F61593 /* Domain */ = {
			isa = PBXGroup;
			children = (
				CB2ADA3921C53EBF00F61593 /* UseCases */,
				CB2ADA3821C53EB600F61593 /* Model */,
			);
			path = Domain;
			sourceTree = "<group>";
		};
		CB2ADA3821C53EB600F61593 /* Model */ = {
			isa = PBXGroup;
			children = (
				CB2ADA3A21C53EFE00F61593 /* Source.swift */,
				CB2ADA3C21C53F9200F61593 /* Article.swift */,
				CB2ADA5721C5539700F61593 /* ErrorNetwork.swift */,
			);
			path = Model;
			sourceTree = "<group>";
		};
		CB2ADA3921C53EBF00F61593 /* UseCases */ = {
			isa = PBXGroup;
			children = (
				CB2ADA4521C5435B00F61593 /* GetSourceUseCaseProtocol.swift */,
				CB2ADA4721C5447700F61593 /* GetSourceUseCase.swift */,
				CB2ADA4921C5464500F61593 /* GetArticlesUseCaseProtocol.swift */,
				CB2ADA4B21C546C300F61593 /* GetArticlesUseCase.swift */,
			);
			path = UseCases;
			sourceTree = "<group>";
		};
		CB2ADA3E21C5402E00F61593 /* Data */ = {
			isa = PBXGroup;
			children = (
				CB2ADA3F21C5404900F61593 /* Remote */,
			);
			path = Data;
			sourceTree = "<group>";
		};
		CB2ADA3F21C5404900F61593 /* Remote */ = {
			isa = PBXGroup;
			children = (
				CB2ADA4221C540B500F61593 /* Base */,
				CB2ADA4021C5406B00F61593 /* SourceRequesterProtocol.swift */,
				CB2ADA4D21C5472500F61593 /* ArticleRequesterProtocol.swift */,
			);
			path = Remote;
			sourceTree = "<group>";
		};
		CB2ADA4221C540B500F61593 /* Base */ = {
			isa = PBXGroup;
			children = (
				CB2ADA5F21C5598700F61593 /* NewsApi.swift */,
				CB2ADA6621C55CD000F61593 /* NetworkConfig.swift */,
				CB2ADA6821C55D2500F61593 /* NetworkConstants.swift */,
			);
			path = Base;
			sourceTree = "<group>";
		};
		CB2ADA5121C54E3300F61593 /* Domain */ = {
			isa = PBXGroup;
			children = (
				CB2ADA5221C54E4200F61593 /* UseCase */,
			);
			path = Domain;
			sourceTree = "<group>";
		};
		CB2ADA5221C54E4200F61593 /* UseCase */ = {
			isa = PBXGroup;
			children = (
				CB2ADA5321C54E7F00F61593 /* GetSourceUseCaseTest.swift */,
				CB2ADA5D21C556CB00F61593 /* GetArticlesUseCaseTest.swift */,
			);
			path = UseCase;
			sourceTree = "<group>";
		};
		CB2ADA5C21C556A400F61593 /* Mocks */ = {
			isa = PBXGroup;
			children = (
				CB2ADA5521C54EAD00F61593 /* SourceRequesterMock.swift */,
				CB2ADA5921C5546300F61593 /* ArticleRequesterMock.swift */,
			);
			path = Mocks;
			sourceTree = "<group>";
		};
		CB2ADA6121C55AF800F61593 /* Common */ = {
			isa = PBXGroup;
			children = (
				CB2ADA6221C55B2500F61593 /* Configuration.swift */,
				CB2ADA6421C55C8F00F61593 /* Constants.swift */,
			);
			path = Common;
			sourceTree = "<group>";
		};
/* End PBXGroup section */

/* Begin PBXNativeTarget section */
		CB2ADA1021C53A5E00F61593 /* News */ = {
			isa = PBXNativeTarget;
			buildConfigurationList = CB2ADA3121C53A5F00F61593 /* Build configuration list for PBXNativeTarget "News" */;
			buildPhases = (
				919E87D82DFB122FF30D2B05 /* [CP] Check Pods Manifest.lock */,
				CB2ADA0D21C53A5E00F61593 /* Sources */,
				CB2ADA0E21C53A5E00F61593 /* Frameworks */,
				CB2ADA0F21C53A5E00F61593 /* Resources */,
				3FBA2D029715A92F73C1BAD3 /* [CP] Embed Pods Frameworks */,
			);
			buildRules = (
			);
			dependencies = (
			);
			name = News;
			productName = News;
			productReference = CB2ADA1121C53A5E00F61593 /* News.app */;
			productType = "com.apple.product-type.application";
		};
		CB2ADA2721C53A5F00F61593 /* NewsTests */ = {
			isa = PBXNativeTarget;
			buildConfigurationList = CB2ADA3421C53A5F00F61593 /* Build configuration list for PBXNativeTarget "NewsTests" */;
			buildPhases = (
				2A8114212279E1C3275BFF54 /* [CP] Check Pods Manifest.lock */,
				CB2ADA2421C53A5F00F61593 /* Sources */,
				CB2ADA2521C53A5F00F61593 /* Frameworks */,
				CB2ADA2621C53A5F00F61593 /* Resources */,
			);
			buildRules = (
			);
			dependencies = (
				CB2ADA2A21C53A5F00F61593 /* PBXTargetDependency */,
			);
			name = NewsTests;
			productName = NewsTests;
			productReference = CB2ADA2821C53A5F00F61593 /* NewsTests.xctest */;
			productType = "com.apple.product-type.bundle.unit-test";
		};
/* End PBXNativeTarget section */

/* Begin PBXProject section */
		CB2ADA0921C53A5E00F61593 /* Project object */ = {
			isa = PBXProject;
			attributes = {
				LastSwiftUpdateCheck = 1010;
				LastUpgradeCheck = 1010;
				ORGANIZATIONNAME = "Douglas Queiroz";
				TargetAttributes = {
					CB2ADA1021C53A5E00F61593 = {
						CreatedOnToolsVersion = 10.1;
					};
					CB2ADA2721C53A5F00F61593 = {
						CreatedOnToolsVersion = 10.1;
						TestTargetID = CB2ADA1021C53A5E00F61593;
					};
				};
			};
			buildConfigurationList = CB2ADA0C21C53A5E00F61593 /* Build configuration list for PBXProject "News" */;
			compatibilityVersion = "Xcode 9.3";
			developmentRegion = en;
			hasScannedForEncodings = 0;
			knownRegions = (
				en,
				Base,
			);
			mainGroup = CB2ADA0821C53A5E00F61593;
			productRefGroup = CB2ADA1221C53A5E00F61593 /* Products */;
			projectDirPath = "";
			projectRoot = "";
			targets = (
				CB2ADA1021C53A5E00F61593 /* News */,
				CB2ADA2721C53A5F00F61593 /* NewsTests */,
			);
		};
/* End PBXProject section */

/* Begin PBXResourcesBuildPhase section */
		CB2ADA0F21C53A5E00F61593 /* Resources */ = {
			isa = PBXResourcesBuildPhase;
			buildActionMask = 2147483647;
			files = (
				CB2ADA2221C53A5F00F61593 /* LaunchScreen.storyboard in Resources */,
				CB2ADA1F21C53A5F00F61593 /* Assets.xcassets in Resources */,
				CB2ADA1A21C53A5E00F61593 /* Main.storyboard in Resources */,
			);
			runOnlyForDeploymentPostprocessing = 0;
		};
		CB2ADA2621C53A5F00F61593 /* Resources */ = {
			isa = PBXResourcesBuildPhase;
			buildActionMask = 2147483647;
			files = (
			);
			runOnlyForDeploymentPostprocessing = 0;
		};
/* End PBXResourcesBuildPhase section */

/* Begin PBXShellScriptBuildPhase section */
		2A8114212279E1C3275BFF54 /* [CP] Check Pods Manifest.lock */ = {
			isa = PBXShellScriptBuildPhase;
			buildActionMask = 2147483647;
			files = (
			);
			inputFileListPaths = (
			);
			inputPaths = (
				"${PODS_PODFILE_DIR_PATH}/Podfile.lock",
				"${PODS_ROOT}/Manifest.lock",
			);
			name = "[CP] Check Pods Manifest.lock";
			outputFileListPaths = (
			);
			outputPaths = (
				"$(DERIVED_FILE_DIR)/Pods-NewsTests-checkManifestLockResult.txt",
			);
			runOnlyForDeploymentPostprocessing = 0;
			shellPath = /bin/sh;
			shellScript = "diff \"${PODS_PODFILE_DIR_PATH}/Podfile.lock\" \"${PODS_ROOT}/Manifest.lock\" > /dev/null\nif [ $? != 0 ] ; then\n    # print error to STDERR\n    echo \"error: The sandbox is not in sync with the Podfile.lock. Run 'pod install' or update your CocoaPods installation.\" >&2\n    exit 1\nfi\n# This output is used by Xcode 'outputs' to avoid re-running this script phase.\necho \"SUCCESS\" > \"${SCRIPT_OUTPUT_FILE_0}\"\n";
			showEnvVarsInLog = 0;
		};
		3FBA2D029715A92F73C1BAD3 /* [CP] Embed Pods Frameworks */ = {
			isa = PBXShellScriptBuildPhase;
			buildActionMask = 2147483647;
			files = (
			);
			inputFileListPaths = (
			);
			inputPaths = (
				"${SRCROOT}/Pods/Target Support Files/Pods-News/Pods-News-frameworks.sh",
				"${BUILT_PRODUCTS_DIR}/Alamofire/Alamofire.framework",
				"${BUILT_PRODUCTS_DIR}/AlamofireObjectMapper/AlamofireObjectMapper.framework",
				"${BUILT_PRODUCTS_DIR}/ObjectMapper/ObjectMapper.framework",
			);
			name = "[CP] Embed Pods Frameworks";
			outputFileListPaths = (
			);
			outputPaths = (
				"${TARGET_BUILD_DIR}/${FRAMEWORKS_FOLDER_PATH}/Alamofire.framework",
				"${TARGET_BUILD_DIR}/${FRAMEWORKS_FOLDER_PATH}/AlamofireObjectMapper.framework",
				"${TARGET_BUILD_DIR}/${FRAMEWORKS_FOLDER_PATH}/ObjectMapper.framework",
			);
			runOnlyForDeploymentPostprocessing = 0;
			shellPath = /bin/sh;
			shellScript = "\"${SRCROOT}/Pods/Target Support Files/Pods-News/Pods-News-frameworks.sh\"\n";
			showEnvVarsInLog = 0;
		};
		919E87D82DFB122FF30D2B05 /* [CP] Check Pods Manifest.lock */ = {
			isa = PBXShellScriptBuildPhase;
			buildActionMask = 2147483647;
			files = (
			);
			inputFileListPaths = (
			);
			inputPaths = (
				"${PODS_PODFILE_DIR_PATH}/Podfile.lock",
				"${PODS_ROOT}/Manifest.lock",
			);
			name = "[CP] Check Pods Manifest.lock";
			outputFileListPaths = (
			);
			outputPaths = (
				"$(DERIVED_FILE_DIR)/Pods-News-checkManifestLockResult.txt",
			);
			runOnlyForDeploymentPostprocessing = 0;
			shellPath = /bin/sh;
			shellScript = "diff \"${PODS_PODFILE_DIR_PATH}/Podfile.lock\" \"${PODS_ROOT}/Manifest.lock\" > /dev/null\nif [ $? != 0 ] ; then\n    # print error to STDERR\n    echo \"error: The sandbox is not in sync with the Podfile.lock. Run 'pod install' or update your CocoaPods installation.\" >&2\n    exit 1\nfi\n# This output is used by Xcode 'outputs' to avoid re-running this script phase.\necho \"SUCCESS\" > \"${SCRIPT_OUTPUT_FILE_0}\"\n";
			showEnvVarsInLog = 0;
		};
/* End PBXShellScriptBuildPhase section */

/* Begin PBXSourcesBuildPhase section */
		CB2ADA0D21C53A5E00F61593 /* Sources */ = {
			isa = PBXSourcesBuildPhase;
			buildActionMask = 2147483647;
			files = (
				CB2ADA4A21C5464500F61593 /* GetArticlesUseCaseProtocol.swift in Sources */,
				CB2ADA3B21C53EFE00F61593 /* Source.swift in Sources */,
				CB2ADA5821C5539700F61593 /* ErrorNetwork.swift in Sources */,
				CB2ADA4621C5435B00F61593 /* GetSourceUseCaseProtocol.swift in Sources */,
				CB2ADA4C21C546C300F61593 /* GetArticlesUseCase.swift in Sources */,
				CB2ADA6721C55CD000F61593 /* NetworkConfig.swift in Sources */,
				CB2ADA1721C53A5E00F61593 /* ViewController.swift in Sources */,
				CB2ADA6321C55B2500F61593 /* Configuration.swift in Sources */,
				CB2ADA6521C55C8F00F61593 /* Constants.swift in Sources */,
				CB2ADA4E21C5472500F61593 /* ArticleRequesterProtocol.swift in Sources */,
				CB2ADA4821C5447700F61593 /* GetSourceUseCase.swift in Sources */,
				CB2ADA4121C5406B00F61593 /* SourceRequesterProtocol.swift in Sources */,
				CB2ADA1D21C53A5E00F61593 /* News.xcdatamodeld in Sources */,
				CB2ADA1521C53A5E00F61593 /* AppDelegate.swift in Sources */,
				CB2ADA3D21C53F9200F61593 /* Article.swift in Sources */,
				CB2ADA6921C55D2500F61593 /* NetworkConstants.swift in Sources */,
				CB2ADA6021C5598700F61593 /* NewsApi.swift in Sources */,
			);
			runOnlyForDeploymentPostprocessing = 0;
		};
		CB2ADA2421C53A5F00F61593 /* Sources */ = {
			isa = PBXSourcesBuildPhase;
			buildActionMask = 2147483647;
			files = (
				CB2ADA5421C54E7F00F61593 /* GetSourceUseCaseTest.swift in Sources */,
				CB2ADA5621C54EAD00F61593 /* SourceRequesterMock.swift in Sources */,
				CB2ADA5A21C5546300F61593 /* ArticleRequesterMock.swift in Sources */,
				CB2ADA5E21C556CB00F61593 /* GetArticlesUseCaseTest.swift in Sources */,
			);
			runOnlyForDeploymentPostprocessing = 0;
		};
/* End PBXSourcesBuildPhase section */

/* Begin PBXTargetDependency section */
		CB2ADA2A21C53A5F00F61593 /* PBXTargetDependency */ = {
			isa = PBXTargetDependency;
			target = CB2ADA1021C53A5E00F61593 /* News */;
			targetProxy = CB2ADA2921C53A5F00F61593 /* PBXContainerItemProxy */;
		};
/* End PBXTargetDependency section */

/* Begin PBXVariantGroup section */
		CB2ADA1821C53A5E00F61593 /* Main.storyboard */ = {
			isa = PBXVariantGroup;
			children = (
				CB2ADA1921C53A5E00F61593 /* Base */,
			);
			name = Main.storyboard;
			sourceTree = "<group>";
		};
		CB2ADA2021C53A5F00F61593 /* LaunchScreen.storyboard */ = {
			isa = PBXVariantGroup;
			children = (
				CB2ADA2121C53A5F00F61593 /* Base */,
			);
			name = LaunchScreen.storyboard;
			sourceTree = "<group>";
		};
/* End PBXVariantGroup section */

/* Begin XCBuildConfiguration section */
		CB2ADA2F21C53A5F00F61593 /* Debug */ = {
			isa = XCBuildConfiguration;
			buildSettings = {
				ALWAYS_SEARCH_USER_PATHS = NO;
				CLANG_ANALYZER_NONNULL = YES;
				CLANG_ANALYZER_NUMBER_OBJECT_CONVERSION = YES_AGGRESSIVE;
				CLANG_CXX_LANGUAGE_STANDARD = "gnu++14";
				CLANG_CXX_LIBRARY = "libc++";
				CLANG_ENABLE_MODULES = YES;
				CLANG_ENABLE_OBJC_ARC = YES;
				CLANG_ENABLE_OBJC_WEAK = YES;
				CLANG_WARN_BLOCK_CAPTURE_AUTORELEASING = YES;
				CLANG_WARN_BOOL_CONVERSION = YES;
				CLANG_WARN_COMMA = YES;
				CLANG_WARN_CONSTANT_CONVERSION = YES;
				CLANG_WARN_DEPRECATED_OBJC_IMPLEMENTATIONS = YES;
				CLANG_WARN_DIRECT_OBJC_ISA_USAGE = YES_ERROR;
				CLANG_WARN_DOCUMENTATION_COMMENTS = YES;
				CLANG_WARN_EMPTY_BODY = YES;
				CLANG_WARN_ENUM_CONVERSION = YES;
				CLANG_WARN_INFINITE_RECURSION = YES;
				CLANG_WARN_INT_CONVERSION = YES;
				CLANG_WARN_NON_LITERAL_NULL_CONVERSION = YES;
				CLANG_WARN_OBJC_IMPLICIT_RETAIN_SELF = YES;
				CLANG_WARN_OBJC_LITERAL_CONVERSION = YES;
				CLANG_WARN_OBJC_ROOT_CLASS = YES_ERROR;
				CLANG_WARN_RANGE_LOOP_ANALYSIS = YES;
				CLANG_WARN_STRICT_PROTOTYPES = YES;
				CLANG_WARN_SUSPICIOUS_MOVE = YES;
				CLANG_WARN_UNGUARDED_AVAILABILITY = YES_AGGRESSIVE;
				CLANG_WARN_UNREACHABLE_CODE = YES;
				CLANG_WARN__DUPLICATE_METHOD_MATCH = YES;
				CODE_SIGN_IDENTITY = "iPhone Developer";
				COPY_PHASE_STRIP = NO;
				DEBUG_INFORMATION_FORMAT = dwarf;
				ENABLE_STRICT_OBJC_MSGSEND = YES;
				ENABLE_TESTABILITY = YES;
				GCC_C_LANGUAGE_STANDARD = gnu11;
				GCC_DYNAMIC_NO_PIC = NO;
				GCC_NO_COMMON_BLOCKS = YES;
				GCC_OPTIMIZATION_LEVEL = 0;
				GCC_PREPROCESSOR_DEFINITIONS = (
					"DEBUG=1",
					"$(inherited)",
				);
				GCC_WARN_64_TO_32_BIT_CONVERSION = YES;
				GCC_WARN_ABOUT_RETURN_TYPE = YES_ERROR;
				GCC_WARN_UNDECLARED_SELECTOR = YES;
				GCC_WARN_UNINITIALIZED_AUTOS = YES_AGGRESSIVE;
				GCC_WARN_UNUSED_FUNCTION = YES;
				GCC_WARN_UNUSED_VARIABLE = YES;
				IPHONEOS_DEPLOYMENT_TARGET = 12.1;
				MTL_ENABLE_DEBUG_INFO = INCLUDE_SOURCE;
				MTL_FAST_MATH = YES;
				ONLY_ACTIVE_ARCH = YES;
				SDKROOT = iphoneos;
				SWIFT_ACTIVE_COMPILATION_CONDITIONS = DEBUG;
				SWIFT_OPTIMIZATION_LEVEL = "-Onone";
			};
			name = Debug;
		};
		CB2ADA3021C53A5F00F61593 /* Release */ = {
			isa = XCBuildConfiguration;
			buildSettings = {
				ALWAYS_SEARCH_USER_PATHS = NO;
				CLANG_ANALYZER_NONNULL = YES;
				CLANG_ANALYZER_NUMBER_OBJECT_CONVERSION = YES_AGGRESSIVE;
				CLANG_CXX_LANGUAGE_STANDARD = "gnu++14";
				CLANG_CXX_LIBRARY = "libc++";
				CLANG_ENABLE_MODULES = YES;
				CLANG_ENABLE_OBJC_ARC = YES;
				CLANG_ENABLE_OBJC_WEAK = YES;
				CLANG_WARN_BLOCK_CAPTURE_AUTORELEASING = YES;
				CLANG_WARN_BOOL_CONVERSION = YES;
				CLANG_WARN_COMMA = YES;
				CLANG_WARN_CONSTANT_CONVERSION = YES;
				CLANG_WARN_DEPRECATED_OBJC_IMPLEMENTATIONS = YES;
				CLANG_WARN_DIRECT_OBJC_ISA_USAGE = YES_ERROR;
				CLANG_WARN_DOCUMENTATION_COMMENTS = YES;
				CLANG_WARN_EMPTY_BODY = YES;
				CLANG_WARN_ENUM_CONVERSION = YES;
				CLANG_WARN_INFINITE_RECURSION = YES;
				CLANG_WARN_INT_CONVERSION = YES;
				CLANG_WARN_NON_LITERAL_NULL_CONVERSION = YES;
				CLANG_WARN_OBJC_IMPLICIT_RETAIN_SELF = YES;
				CLANG_WARN_OBJC_LITERAL_CONVERSION = YES;
				CLANG_WARN_OBJC_ROOT_CLASS = YES_ERROR;
				CLANG_WARN_RANGE_LOOP_ANALYSIS = YES;
				CLANG_WARN_STRICT_PROTOTYPES = YES;
				CLANG_WARN_SUSPICIOUS_MOVE = YES;
				CLANG_WARN_UNGUARDED_AVAILABILITY = YES_AGGRESSIVE;
				CLANG_WARN_UNREACHABLE_CODE = YES;
				CLANG_WARN__DUPLICATE_METHOD_MATCH = YES;
				CODE_SIGN_IDENTITY = "iPhone Developer";
				COPY_PHASE_STRIP = NO;
				DEBUG_INFORMATION_FORMAT = "dwarf-with-dsym";
				ENABLE_NS_ASSERTIONS = NO;
				ENABLE_STRICT_OBJC_MSGSEND = YES;
				GCC_C_LANGUAGE_STANDARD = gnu11;
				GCC_NO_COMMON_BLOCKS = YES;
				GCC_WARN_64_TO_32_BIT_CONVERSION = YES;
				GCC_WARN_ABOUT_RETURN_TYPE = YES_ERROR;
				GCC_WARN_UNDECLARED_SELECTOR = YES;
				GCC_WARN_UNINITIALIZED_AUTOS = YES_AGGRESSIVE;
				GCC_WARN_UNUSED_FUNCTION = YES;
				GCC_WARN_UNUSED_VARIABLE = YES;
				IPHONEOS_DEPLOYMENT_TARGET = 12.1;
				MTL_ENABLE_DEBUG_INFO = NO;
				MTL_FAST_MATH = YES;
				SDKROOT = iphoneos;
				SWIFT_COMPILATION_MODE = wholemodule;
				SWIFT_OPTIMIZATION_LEVEL = "-O";
				VALIDATE_PRODUCT = YES;
			};
			name = Release;
		};
		CB2ADA3221C53A5F00F61593 /* Debug */ = {
			isa = XCBuildConfiguration;
			baseConfigurationReference = 24FF199EC9F22795154644CA /* Pods-News.debug.xcconfig */;
			buildSettings = {
				ASSETCATALOG_COMPILER_APPICON_NAME = AppIcon;
				CODE_SIGN_STYLE = Automatic;
				DEVELOPMENT_TEAM = 6TRJWLUZCF;
				INFOPLIST_FILE = News/Info.plist;
				LD_RUNPATH_SEARCH_PATHS = (
					"$(inherited)",
					"@executable_path/Frameworks",
				);
				PRODUCT_BUNDLE_IDENTIFIER = br.com.douglas.News;
				PRODUCT_NAME = "$(TARGET_NAME)";
				SWIFT_VERSION = 4.2;
				TARGETED_DEVICE_FAMILY = "1,2";
			};
			name = Debug;
		};
		CB2ADA3321C53A5F00F61593 /* Release */ = {
			isa = XCBuildConfiguration;
			baseConfigurationReference = 8870A3425A5A4821ADF144DE /* Pods-News.release.xcconfig */;
			buildSettings = {
				ASSETCATALOG_COMPILER_APPICON_NAME = AppIcon;
				CODE_SIGN_STYLE = Automatic;
				DEVELOPMENT_TEAM = 6TRJWLUZCF;
				INFOPLIST_FILE = News/Info.plist;
				LD_RUNPATH_SEARCH_PATHS = (
					"$(inherited)",
					"@executable_path/Frameworks",
				);
				PRODUCT_BUNDLE_IDENTIFIER = br.com.douglas.News;
				PRODUCT_NAME = "$(TARGET_NAME)";
				SWIFT_VERSION = 4.2;
				TARGETED_DEVICE_FAMILY = "1,2";
			};
			name = Release;
		};
		CB2ADA3521C53A5F00F61593 /* Debug */ = {
			isa = XCBuildConfiguration;
			baseConfigurationReference = 5DF3DCC2DE63DEA8CFC80411 /* Pods-NewsTests.debug.xcconfig */;
			buildSettings = {
				ALWAYS_EMBED_SWIFT_STANDARD_LIBRARIES = YES;
				BUNDLE_LOADER = "$(TEST_HOST)";
				CODE_SIGN_STYLE = Automatic;
				DEVELOPMENT_TEAM = 6TRJWLUZCF;
				INFOPLIST_FILE = NewsTests/Info.plist;
				LD_RUNPATH_SEARCH_PATHS = (
					"$(inherited)",
					"@executable_path/Frameworks",
					"@loader_path/Frameworks",
				);
				PRODUCT_BUNDLE_IDENTIFIER = br.com.douglas.NewsTests;
				PRODUCT_NAME = "$(TARGET_NAME)";
				SWIFT_VERSION = 4.2;
				TARGETED_DEVICE_FAMILY = "1,2";
				TEST_HOST = "$(BUILT_PRODUCTS_DIR)/News.app/News";
			};
			name = Debug;
		};
		CB2ADA3621C53A5F00F61593 /* Release */ = {
			isa = XCBuildConfiguration;
			baseConfigurationReference = DD42011EFED140F27726A7D3 /* Pods-NewsTests.release.xcconfig */;
			buildSettings = {
				ALWAYS_EMBED_SWIFT_STANDARD_LIBRARIES = YES;
				BUNDLE_LOADER = "$(TEST_HOST)";
				CODE_SIGN_STYLE = Automatic;
				DEVELOPMENT_TEAM = 6TRJWLUZCF;
				INFOPLIST_FILE = NewsTests/Info.plist;
				LD_RUNPATH_SEARCH_PATHS = (
					"$(inherited)",
					"@executable_path/Frameworks",
					"@loader_path/Frameworks",
				);
				PRODUCT_BUNDLE_IDENTIFIER = br.com.douglas.NewsTests;
				PRODUCT_NAME = "$(TARGET_NAME)";
				SWIFT_VERSION = 4.2;
				TARGETED_DEVICE_FAMILY = "1,2";
				TEST_HOST = "$(BUILT_PRODUCTS_DIR)/News.app/News";
			};
			name = Release;
		};
/* End XCBuildConfiguration section */

/* Begin XCConfigurationList section */
		CB2ADA0C21C53A5E00F61593 /* Build configuration list for PBXProject "News" */ = {
			isa = XCConfigurationList;
			buildConfigurations = (
				CB2ADA2F21C53A5F00F61593 /* Debug */,
				CB2ADA3021C53A5F00F61593 /* Release */,
			);
			defaultConfigurationIsVisible = 0;
			defaultConfigurationName = Release;
		};
		CB2ADA3121C53A5F00F61593 /* Build configuration list for PBXNativeTarget "News" */ = {
			isa = XCConfigurationList;
			buildConfigurations = (
				CB2ADA3221C53A5F00F61593 /* Debug */,
				CB2ADA3321C53A5F00F61593 /* Release */,
			);
			defaultConfigurationIsVisible = 0;
			defaultConfigurationName = Release;
		};
		CB2ADA3421C53A5F00F61593 /* Build configuration list for PBXNativeTarget "NewsTests" */ = {
			isa = XCConfigurationList;
			buildConfigurations = (
				CB2ADA3521C53A5F00F61593 /* Debug */,
				CB2ADA3621C53A5F00F61593 /* Release */,
			);
			defaultConfigurationIsVisible = 0;
			defaultConfigurationName = Release;
		};
/* End XCConfigurationList section */

/* Begin XCVersionGroup section */
		CB2ADA1B21C53A5E00F61593 /* News.xcdatamodeld */ = {
			isa = XCVersionGroup;
			children = (
				CB2ADA1C21C53A5E00F61593 /* News.xcdatamodel */,
			);
			currentVersion = CB2ADA1C21C53A5E00F61593 /* News.xcdatamodel */;
			path = News.xcdatamodeld;
			sourceTree = "<group>";
			versionGroupType = wrapper.xcdatamodel;
		};
/* End XCVersionGroup section */
	};
	rootObject = CB2ADA0921C53A5E00F61593 /* Project object */;
}
